{
  "pins" : [
    {
      "identity" : "asynclocationkit",
      "kind" : "remoteSourceControl",
      "location" : "https://github.com/ambas/AsyncLocationKit",
      "state" : {
        "branch" : "main",
        "revision" : "6d494aa25ae5866b165bd4e6109c7b6ce898bbf7"
      }
    }
  ],
  "version" : 2
}
