{
  "pins" : [
    {
      "identity" : "asynclocationkit",
      "kind" : "remoteSourceControl",
      "location" : "https://github.com/ambas/AsyncLocationKit",
      "state" : {
        "branch" : "main",
        "revision" : "229a0b61854f0ea1bb06e95b8db2579ef15c5a8c"
      }
    }
  ],
  "version" : 2
}
