{
  "pins" : [
    {
      "identity" : "asynclocationkit",
      "kind" : "remoteSourceControl",
      "location" : "https://github.com/ambas/AsyncLocationKit",
      "state" : {
        "branch" : "main",
        "revision" : "52b172994a1550a0151bf0db4db3b12b21bed4b5"
      }
    }
  ],
  "version" : 2
}
